
Microsoft Visual Studio Solution File, Format Version 12.00
# Visual Studio Version 16
VisualStudioVersion = 16.0.31829.152
MinimumVisualStudioVersion = 10.0.40219.1
Project("{FAE04EC0-301F-11D3-BF4B-00C04F79EFBC}") = "EnterpriseAssignment", "EnterpriseAssignment\EnterpriseAssignment.csproj", "{A87505AD-89A0-4A12-9597-4975B42E8E93}"
EndProject
Global
	GlobalSection(SolutionConfigurationPlatforms) = preSolution
		Debug|Any CPU = Debug|Any CPU
		Release|Any CPU = Release|Any CPU
	EndGlobalSection
	GlobalSection(ProjectConfigurationPlatforms) = postSolution
		{A87505AD-89A0-4A12-9597-4975B42E8E93}.Debug|Any CPU.ActiveCfg = Debug|Any CPU
		{A87505AD-89A0-4A12-9597-4975B42E8E93}.Debug|Any CPU.Build.0 = Debug|Any CPU
		{A87505AD-89A0-4A12-9597-4975B42E8E93}.Release|Any CPU.ActiveCfg = Release|Any CPU
		{A87505AD-89A0-4A12-9597-4975B42E8E93}.Release|Any CPU.Build.0 = Release|Any CPU
	EndGlobalSection
	GlobalSection(SolutionProperties) = preSolution
		HideSolutionNode = FALSE
	EndGlobalSection
	GlobalSection(ExtensibilityGlobals) = postSolution
		SolutionGuid = {E301A5A1-B7C7-42A3-ACC7-ABFF5EC1D031}
	EndGlobalSection
EndGlobal
